
Microsoft Visual Studio Solution File, Format Version 12.00
# Visual Studio Version 17
VisualStudioVersion = 17.3.32825.248
MinimumVisualStudioVersion = 10.0.40219.1
Project("{8BC9CEB8-8B4A-11D0-8D11-00A0C91BC942}") = "test-9.14", "test-9.14\test-9.14.vcxproj", "{152F7AB2-CCD8-4CFD-A3D9-A3B0CD6F21F7}"
EndProject
Global
	GlobalSection(SolutionConfigurationPlatforms) = preSolution
		Debug|x64 = Debug|x64
		Debug|x86 = Debug|x86
		Release|x64 = Release|x64
		Release|x86 = Release|x86
	EndGlobalSection
	GlobalSection(ProjectConfigurationPlatforms) = postSolution
		{152F7AB2-CCD8-4CFD-A3D9-A3B0CD6F21F7}.Debug|x64.ActiveCfg = Debug|x64
		{152F7AB2-CCD8-4CFD-A3D9-A3B0CD6F21F7}.Debug|x64.Build.0 = Debug|x64
		{152F7AB2-CCD8-4CFD-A3D9-A3B0CD6F21F7}.Debug|x86.ActiveCfg = Debug|Win32
		{152F7AB2-CCD8-4CFD-A3D9-A3B0CD6F21F7}.Debug|x86.Build.0 = Debug|Win32
		{152F7AB2-CCD8-4CFD-A3D9-A3B0CD6F21F7}.Release|x64.ActiveCfg = Release|x64
		{152F7AB2-CCD8-4CFD-A3D9-A3B0CD6F21F7}.Release|x64.Build.0 = Release|x64
		{152F7AB2-CCD8-4CFD-A3D9-A3B0CD6F21F7}.Release|x86.ActiveCfg = Release|Win32
		{152F7AB2-CCD8-4CFD-A3D9-A3B0CD6F21F7}.Release|x86.Build.0 = Release|Win32
	EndGlobalSection
	GlobalSection(SolutionProperties) = preSolution
		HideSolutionNode = FALSE
	EndGlobalSection
	GlobalSection(ExtensibilityGlobals) = postSolution
		SolutionGuid = {957D1EB6-6A94-417B-96C3-64D34763CB01}
	EndGlobalSection
EndGlobal
